
Microsoft Visual Studio Solution File, Format Version 12.00
Project("{FAE04EC0-301F-11D3-BF4B-00C04F79EFBC}") = "Persistence", "Persistence\Persistence.csproj", "{F3E51E87-F43A-451D-A27F-F643C83077B6}"
EndProject
Project("{FAE04EC0-301F-11D3-BF4B-00C04F79EFBC}") = "Application", "Application\Application.csproj", "{AAF1FA4D-3B02-422E-852A-CAFFAEF8CECE}"
EndProject
Project("{FAE04EC0-301F-11D3-BF4B-00C04F79EFBC}") = "Domain", "Domain\Domain.csproj", "{9AF09E99-EC49-40AC-B26C-79F43517FE8A}"
EndProject
Project("{FAE04EC0-301F-11D3-BF4B-00C04F79EFBC}") = "Presentation", "Presentation\Presentation.csproj", "{6F3096DD-D2D4-4E92-979F-1ED118609042}"
EndProject
Project("{FAE04EC0-301F-11D3-BF4B-00C04F79EFBC}") = "Tests", "Tests\Tests.csproj", "{E1EDEDEF-F01C-4478-9A39-101AEE9EEE50}"
EndProject
Global
	GlobalSection(SolutionConfigurationPlatforms) = preSolution
		Debug|Any CPU = Debug|Any CPU
		Release|Any CPU = Release|Any CPU
	EndGlobalSection
	GlobalSection(ProjectConfigurationPlatforms) = postSolution
		{F3E51E87-F43A-451D-A27F-F643C83077B6}.Debug|Any CPU.ActiveCfg = Debug|Any CPU
		{F3E51E87-F43A-451D-A27F-F643C83077B6}.Debug|Any CPU.Build.0 = Debug|Any CPU
		{F3E51E87-F43A-451D-A27F-F643C83077B6}.Release|Any CPU.ActiveCfg = Release|Any CPU
		{F3E51E87-F43A-451D-A27F-F643C83077B6}.Release|Any CPU.Build.0 = Release|Any CPU
		{AAF1FA4D-3B02-422E-852A-CAFFAEF8CECE}.Debug|Any CPU.ActiveCfg = Debug|Any CPU
		{AAF1FA4D-3B02-422E-852A-CAFFAEF8CECE}.Debug|Any CPU.Build.0 = Debug|Any CPU
		{AAF1FA4D-3B02-422E-852A-CAFFAEF8CECE}.Release|Any CPU.ActiveCfg = Release|Any CPU
		{AAF1FA4D-3B02-422E-852A-CAFFAEF8CECE}.Release|Any CPU.Build.0 = Release|Any CPU
		{9AF09E99-EC49-40AC-B26C-79F43517FE8A}.Debug|Any CPU.ActiveCfg = Debug|Any CPU
		{9AF09E99-EC49-40AC-B26C-79F43517FE8A}.Debug|Any CPU.Build.0 = Debug|Any CPU
		{9AF09E99-EC49-40AC-B26C-79F43517FE8A}.Release|Any CPU.ActiveCfg = Release|Any CPU
		{9AF09E99-EC49-40AC-B26C-79F43517FE8A}.Release|Any CPU.Build.0 = Release|Any CPU
		{6F3096DD-D2D4-4E92-979F-1ED118609042}.Debug|Any CPU.ActiveCfg = Debug|Any CPU
		{6F3096DD-D2D4-4E92-979F-1ED118609042}.Debug|Any CPU.Build.0 = Debug|Any CPU
		{6F3096DD-D2D4-4E92-979F-1ED118609042}.Release|Any CPU.ActiveCfg = Release|Any CPU
		{6F3096DD-D2D4-4E92-979F-1ED118609042}.Release|Any CPU.Build.0 = Release|Any CPU
		{E1EDEDEF-F01C-4478-9A39-101AEE9EEE50}.Debug|Any CPU.ActiveCfg = Debug|Any CPU
		{E1EDEDEF-F01C-4478-9A39-101AEE9EEE50}.Debug|Any CPU.Build.0 = Debug|Any CPU
		{E1EDEDEF-F01C-4478-9A39-101AEE9EEE50}.Release|Any CPU.ActiveCfg = Release|Any CPU
		{E1EDEDEF-F01C-4478-9A39-101AEE9EEE50}.Release|Any CPU.Build.0 = Release|Any CPU
	EndGlobalSection
EndGlobal
